// !$*UTF8*$!
{
	archiveVersion = 1;
	classes = {
	};
	objectVersion = 56;
	objects = {

/* Begin PBXBuildFile section */
		5100611D2A1A0D50001B8CC6 /* DayForecastView.swift in Sources */ = {isa = PBXBuildFile; fileRef = 5100611C2A1A0D50001B8CC6 /* DayForecastView.swift */; };
		512F6A1E2A2204260074E7A8 /* CitiesViewController.swift in Sources */ = {isa = PBXBuildFile; fileRef = 512F6A1D2A2204260074E7A8 /* CitiesViewController.swift */; };
		512F6A202A2206CA0074E7A8 /* CityTableViewCell.swift in Sources */ = {isa = PBXBuildFile; fileRef = 512F6A1F2A2206CA0074E7A8 /* CityTableViewCell.swift */; };
		512F6A222A2209010074E7A8 /* CityModel.swift in Sources */ = {isa = PBXBuildFile; fileRef = 512F6A212A2209010074E7A8 /* CityModel.swift */; };
		512F6A2D2A2354CC0074E7A8 /* WeatherConditionModel.swift in Sources */ = {isa = PBXBuildFile; fileRef = 512F6A2C2A2354CC0074E7A8 /* WeatherConditionModel.swift */; };
		512F6A2F2A235E490074E7A8 /* Double + Extension.swift in Sources */ = {isa = PBXBuildFile; fileRef = 512F6A2E2A235E490074E7A8 /* Double + Extension.swift */; };
		512F6A322A235EC50074E7A8 /* WeatherEndpoint.swift in Sources */ = {isa = PBXBuildFile; fileRef = 512F6A312A235EC50074E7A8 /* WeatherEndpoint.swift */; };
		512F6A342A235F5B0074E7A8 /* Constants.swift in Sources */ = {isa = PBXBuildFile; fileRef = 512F6A332A235F5B0074E7A8 /* Constants.swift */; };
		512F6A372A23606D0074E7A8 /* ForecastDataSource.swift in Sources */ = {isa = PBXBuildFile; fileRef = 512F6A362A23606D0074E7A8 /* ForecastDataSource.swift */; };
		512F6A392A236AD10074E7A8 /* ForecastDayModel.swift in Sources */ = {isa = PBXBuildFile; fileRef = 512F6A382A236AD10074E7A8 /* ForecastDayModel.swift */; };
		513BF90D2A0FC1B2000F547D /* AppDelegate.swift in Sources */ = {isa = PBXBuildFile; fileRef = 513BF90C2A0FC1B2000F547D /* AppDelegate.swift */; };
		513BF90F2A0FC1B2000F547D /* SceneDelegate.swift in Sources */ = {isa = PBXBuildFile; fileRef = 513BF90E2A0FC1B2000F547D /* SceneDelegate.swift */; };
		513BF9112A0FC1B2000F547D /* ViewController.swift in Sources */ = {isa = PBXBuildFile; fileRef = 513BF9102A0FC1B2000F547D /* ViewController.swift */; };
		513BF9162A0FC1B3000F547D /* Assets.xcassets in Resources */ = {isa = PBXBuildFile; fileRef = 513BF9152A0FC1B3000F547D /* Assets.xcassets */; };
		513BF9192A0FC1B3000F547D /* LaunchScreen.storyboard in Resources */ = {isa = PBXBuildFile; fileRef = 513BF9172A0FC1B3000F547D /* LaunchScreen.storyboard */; };
		513BF9242A0FC1B3000F547D /* WeatherAppCloneTests.swift in Sources */ = {isa = PBXBuildFile; fileRef = 513BF9232A0FC1B3000F547D /* WeatherAppCloneTests.swift */; };
		513BF92E2A0FC1B3000F547D /* WeatherAppCloneUITests.swift in Sources */ = {isa = PBXBuildFile; fileRef = 513BF92D2A0FC1B3000F547D /* WeatherAppCloneUITests.swift */; };
		513BF9302A0FC1B3000F547D /* WeatherAppCloneUITestsLaunchTests.swift in Sources */ = {isa = PBXBuildFile; fileRef = 513BF92F2A0FC1B3000F547D /* WeatherAppCloneUITestsLaunchTests.swift */; };
		5160093F2A111228006A9803 /* Color.swift in Sources */ = {isa = PBXBuildFile; fileRef = 5160093E2A111228006A9803 /* Color.swift */; };
		516009412A1114A3006A9803 /* ForecastItemView.swift in Sources */ = {isa = PBXBuildFile; fileRef = 516009402A1114A3006A9803 /* ForecastItemView.swift */; };
		519F68C42A10F6C70059688D /* Main.storyboard in Resources */ = {isa = PBXBuildFile; fileRef = 519F68C32A10F6C70059688D /* Main.storyboard */; };
		51FB42522A2B66F60007CE78 /* Kingfisher in Frameworks */ = {isa = PBXBuildFile; productRef = 51FB42512A2B66F60007CE78 /* Kingfisher */; };
		51FB42582A2B747A0007CE78 /* SearchCityModel.swift in Sources */ = {isa = PBXBuildFile; fileRef = 51FB42572A2B747A0007CE78 /* SearchCityModel.swift */; };
		51FB425A2A2B74C80007CE78 /* SearchCityEndpoint.swift in Sources */ = {isa = PBXBuildFile; fileRef = 51FB42592A2B74C80007CE78 /* SearchCityEndpoint.swift */; };
		51FB425C2A2B75720007CE78 /* SearchCityDataSource.swift in Sources */ = {isa = PBXBuildFile; fileRef = 51FB425B2A2B75720007CE78 /* SearchCityDataSource.swift */; };
		51FB425F2A2B826A0007CE78 /* Network.swift in Sources */ = {isa = PBXBuildFile; fileRef = 51FB425E2A2B826A0007CE78 /* Network.swift */; };
		51FB42622A2B82A30007CE78 /* RequestProviding.swift in Sources */ = {isa = PBXBuildFile; fileRef = 51FB42612A2B82A30007CE78 /* RequestProviding.swift */; };
/* End PBXBuildFile section */

/* Begin PBXContainerItemProxy section */
		513BF9202A0FC1B3000F547D /* PBXContainerItemProxy */ = {
			isa = PBXContainerItemProxy;
			containerPortal = 513BF9012A0FC1B2000F547D /* Project object */;
			proxyType = 1;
			remoteGlobalIDString = 513BF9082A0FC1B2000F547D;
			remoteInfo = WeatherAppClone;
		};
		513BF92A2A0FC1B3000F547D /* PBXContainerItemProxy */ = {
			isa = PBXContainerItemProxy;
			containerPortal = 513BF9012A0FC1B2000F547D /* Project object */;
			proxyType = 1;
			remoteGlobalIDString = 513BF9082A0FC1B2000F547D;
			remoteInfo = WeatherAppClone;
		};
/* End PBXContainerItemProxy section */

/* Begin PBXFileReference section */
		5100611C2A1A0D50001B8CC6 /* DayForecastView.swift */ = {isa = PBXFileReference; lastKnownFileType = sourcecode.swift; path = DayForecastView.swift; sourceTree = "<group>"; };
		512F6A1D2A2204260074E7A8 /* CitiesViewController.swift */ = {isa = PBXFileReference; lastKnownFileType = sourcecode.swift; path = CitiesViewController.swift; sourceTree = "<group>"; };
		512F6A1F2A2206CA0074E7A8 /* CityTableViewCell.swift */ = {isa = PBXFileReference; lastKnownFileType = sourcecode.swift; path = CityTableViewCell.swift; sourceTree = "<group>"; };
		512F6A212A2209010074E7A8 /* CityModel.swift */ = {isa = PBXFileReference; lastKnownFileType = sourcecode.swift; path = CityModel.swift; sourceTree = "<group>"; };
		512F6A2C2A2354CC0074E7A8 /* WeatherConditionModel.swift */ = {isa = PBXFileReference; lastKnownFileType = sourcecode.swift; path = WeatherConditionModel.swift; sourceTree = "<group>"; };
		512F6A2E2A235E490074E7A8 /* Double + Extension.swift */ = {isa = PBXFileReference; lastKnownFileType = sourcecode.swift; path = "Double + Extension.swift"; sourceTree = "<group>"; };
		512F6A312A235EC50074E7A8 /* WeatherEndpoint.swift */ = {isa = PBXFileReference; lastKnownFileType = sourcecode.swift; path = WeatherEndpoint.swift; sourceTree = "<group>"; };
		512F6A332A235F5B0074E7A8 /* Constants.swift */ = {isa = PBXFileReference; lastKnownFileType = sourcecode.swift; path = Constants.swift; sourceTree = "<group>"; };
		512F6A362A23606D0074E7A8 /* ForecastDataSource.swift */ = {isa = PBXFileReference; lastKnownFileType = sourcecode.swift; path = ForecastDataSource.swift; sourceTree = "<group>"; };
		512F6A382A236AD10074E7A8 /* ForecastDayModel.swift */ = {isa = PBXFileReference; lastKnownFileType = sourcecode.swift; path = ForecastDayModel.swift; sourceTree = "<group>"; };
		513BF9092A0FC1B2000F547D /* WeatherAppClone.app */ = {isa = PBXFileReference; explicitFileType = wrapper.application; includeInIndex = 0; path = WeatherAppClone.app; sourceTree = BUILT_PRODUCTS_DIR; };
		513BF90C2A0FC1B2000F547D /* AppDelegate.swift */ = {isa = PBXFileReference; lastKnownFileType = sourcecode.swift; path = AppDelegate.swift; sourceTree = "<group>"; };
		513BF90E2A0FC1B2000F547D /* SceneDelegate.swift */ = {isa = PBXFileReference; lastKnownFileType = sourcecode.swift; path = SceneDelegate.swift; sourceTree = "<group>"; };
		513BF9102A0FC1B2000F547D /* ViewController.swift */ = {isa = PBXFileReference; lastKnownFileType = sourcecode.swift; path = ViewController.swift; sourceTree = "<group>"; };
		513BF9152A0FC1B3000F547D /* Assets.xcassets */ = {isa = PBXFileReference; lastKnownFileType = folder.assetcatalog; path = Assets.xcassets; sourceTree = "<group>"; };
		513BF9182A0FC1B3000F547D /* Base */ = {isa = PBXFileReference; lastKnownFileType = file.storyboard; name = Base; path = Base.lproj/LaunchScreen.storyboard; sourceTree = "<group>"; };
		513BF91A2A0FC1B3000F547D /* Info.plist */ = {isa = PBXFileReference; lastKnownFileType = text.plist.xml; path = Info.plist; sourceTree = "<group>"; };
		513BF91F2A0FC1B3000F547D /* WeatherAppCloneTests.xctest */ = {isa = PBXFileReference; explicitFileType = wrapper.cfbundle; includeInIndex = 0; path = WeatherAppCloneTests.xctest; sourceTree = BUILT_PRODUCTS_DIR; };
		513BF9232A0FC1B3000F547D /* WeatherAppCloneTests.swift */ = {isa = PBXFileReference; lastKnownFileType = sourcecode.swift; path = WeatherAppCloneTests.swift; sourceTree = "<group>"; };
		513BF9292A0FC1B3000F547D /* WeatherAppCloneUITests.xctest */ = {isa = PBXFileReference; explicitFileType = wrapper.cfbundle; includeInIndex = 0; path = WeatherAppCloneUITests.xctest; sourceTree = BUILT_PRODUCTS_DIR; };
		513BF92D2A0FC1B3000F547D /* WeatherAppCloneUITests.swift */ = {isa = PBXFileReference; lastKnownFileType = sourcecode.swift; path = WeatherAppCloneUITests.swift; sourceTree = "<group>"; };
		513BF92F2A0FC1B3000F547D /* WeatherAppCloneUITestsLaunchTests.swift */ = {isa = PBXFileReference; lastKnownFileType = sourcecode.swift; path = WeatherAppCloneUITestsLaunchTests.swift; sourceTree = "<group>"; };
		5160093E2A111228006A9803 /* Color.swift */ = {isa = PBXFileReference; lastKnownFileType = sourcecode.swift; path = Color.swift; sourceTree = "<group>"; };
		516009402A1114A3006A9803 /* ForecastItemView.swift */ = {isa = PBXFileReference; lastKnownFileType = sourcecode.swift; path = ForecastItemView.swift; sourceTree = "<group>"; };
		519F68C32A10F6C70059688D /* Main.storyboard */ = {isa = PBXFileReference; fileEncoding = 4; lastKnownFileType = file.storyboard; path = Main.storyboard; sourceTree = "<group>"; };
		51FB42572A2B747A0007CE78 /* SearchCityModel.swift */ = {isa = PBXFileReference; lastKnownFileType = sourcecode.swift; path = SearchCityModel.swift; sourceTree = "<group>"; };
		51FB42592A2B74C80007CE78 /* SearchCityEndpoint.swift */ = {isa = PBXFileReference; lastKnownFileType = sourcecode.swift; path = SearchCityEndpoint.swift; sourceTree = "<group>"; };
		51FB425B2A2B75720007CE78 /* SearchCityDataSource.swift */ = {isa = PBXFileReference; lastKnownFileType = sourcecode.swift; path = SearchCityDataSource.swift; sourceTree = "<group>"; };
		51FB425E2A2B826A0007CE78 /* Network.swift */ = {isa = PBXFileReference; lastKnownFileType = sourcecode.swift; path = Network.swift; sourceTree = "<group>"; };
		51FB42612A2B82A30007CE78 /* RequestProviding.swift */ = {isa = PBXFileReference; lastKnownFileType = sourcecode.swift; path = RequestProviding.swift; sourceTree = "<group>"; };
/* End PBXFileReference section */

/* Begin PBXFrameworksBuildPhase section */
		513BF9062A0FC1B2000F547D /* Frameworks */ = {
			isa = PBXFrameworksBuildPhase;
			buildActionMask = 2147483647;
			files = (
				51FB42522A2B66F60007CE78 /* Kingfisher in Frameworks */,
			);
			runOnlyForDeploymentPostprocessing = 0;
		};
		513BF91C2A0FC1B3000F547D /* Frameworks */ = {
			isa = PBXFrameworksBuildPhase;
			buildActionMask = 2147483647;
			files = (
			);
			runOnlyForDeploymentPostprocessing = 0;
		};
		513BF9262A0FC1B3000F547D /* Frameworks */ = {
			isa = PBXFrameworksBuildPhase;
			buildActionMask = 2147483647;
			files = (
			);
			runOnlyForDeploymentPostprocessing = 0;
		};
/* End PBXFrameworksBuildPhase section */

/* Begin PBXGroup section */
		512F6A302A235EB50074E7A8 /* Endpoint */ = {
			isa = PBXGroup;
			children = (
				512F6A312A235EC50074E7A8 /* WeatherEndpoint.swift */,
			);
			path = Endpoint;
			sourceTree = "<group>";
		};
		512F6A352A2360600074E7A8 /* DataSource */ = {
			isa = PBXGroup;
			children = (
				512F6A362A23606D0074E7A8 /* ForecastDataSource.swift */,
			);
			path = DataSource;
			sourceTree = "<group>";
		};
		513BF9002A0FC1B2000F547D = {
			isa = PBXGroup;
			children = (
				513BF90B2A0FC1B2000F547D /* WeatherAppClone */,
				513BF9222A0FC1B3000F547D /* WeatherAppCloneTests */,
				513BF92C2A0FC1B3000F547D /* WeatherAppCloneUITests */,
				513BF90A2A0FC1B2000F547D /* Products */,
			);
			sourceTree = "<group>";
		};
		513BF90A2A0FC1B2000F547D /* Products */ = {
			isa = PBXGroup;
			children = (
				513BF9092A0FC1B2000F547D /* WeatherAppClone.app */,
				513BF91F2A0FC1B3000F547D /* WeatherAppCloneTests.xctest */,
				513BF9292A0FC1B3000F547D /* WeatherAppCloneUITests.xctest */,
			);
			name = Products;
			sourceTree = "<group>";
		};
		513BF90B2A0FC1B2000F547D /* WeatherAppClone */ = {
			isa = PBXGroup;
			children = (
				51FB426F2A2B88510007CE78 /* Application */,
				51FB426E2A2B88430007CE78 /* Common */,
				51FB42632A2B870B0007CE78 /* UserStories */,
				51FB42702A2B885A0007CE78 /* Resources */,
			);
			path = WeatherAppClone;
			sourceTree = "<group>";
		};
		513BF9222A0FC1B3000F547D /* WeatherAppCloneTests */ = {
			isa = PBXGroup;
			children = (
				513BF9232A0FC1B3000F547D /* WeatherAppCloneTests.swift */,
			);
			path = WeatherAppCloneTests;
			sourceTree = "<group>";
		};
		513BF92C2A0FC1B3000F547D /* WeatherAppCloneUITests */ = {
			isa = PBXGroup;
			children = (
				513BF92D2A0FC1B3000F547D /* WeatherAppCloneUITests.swift */,
				513BF92F2A0FC1B3000F547D /* WeatherAppCloneUITestsLaunchTests.swift */,
			);
			path = WeatherAppCloneUITests;
			sourceTree = "<group>";
		};
		51FB42552A2B74610007CE78 /* Endpoint */ = {
			isa = PBXGroup;
			children = (
				51FB42592A2B74C80007CE78 /* SearchCityEndpoint.swift */,
			);
			name = Endpoint;
			path = "../../../Find City /Endpoint";
			sourceTree = "<group>";
		};
		51FB42562A2B74630007CE78 /* DataSource */ = {
			isa = PBXGroup;
			children = (
				51FB425B2A2B75720007CE78 /* SearchCityDataSource.swift */,
			);
			name = DataSource;
			path = "../../../Find City /DataSource";
			sourceTree = "<group>";
		};
		51FB425D2A2B82630007CE78 /* Network */ = {
			isa = PBXGroup;
			children = (
				51FB425E2A2B826A0007CE78 /* Network.swift */,
			);
			path = Network;
			sourceTree = "<group>";
		};
		51FB42602A2B82970007CE78 /* Protocols */ = {
			isa = PBXGroup;
			children = (
				51FB42612A2B82A30007CE78 /* RequestProviding.swift */,
			);
			path = Protocols;
			sourceTree = "<group>";
		};
		51FB42632A2B870B0007CE78 /* UserStories */ = {
			isa = PBXGroup;
			children = (
				51FB42642A2B87480007CE78 /* Current Weather */,
				51FB42652A2B874F0007CE78 /* Search City */,
			);
			path = UserStories;
			sourceTree = "<group>";
		};
		51FB42642A2B87480007CE78 /* Current Weather */ = {
			isa = PBXGroup;
			children = (
				51FB426D2A2B88230007CE78 /* Network */,
				51FB426B2A2B87690007CE78 /* ViewController */,
				51FB426A2A2B87670007CE78 /* Views */,
				51FB42692A2B87650007CE78 /* Models */,
			);
			path = "Current Weather";
			sourceTree = "<group>";
		};
		51FB42652A2B874F0007CE78 /* Search City */ = {
			isa = PBXGroup;
			children = (
				51FB426C2A2B880D0007CE78 /* Network */,
				51FB42682A2B875F0007CE78 /* ViewController */,
				51FB42672A2B875D0007CE78 /* Views */,
				51FB42662A2B875B0007CE78 /* Models */,
			);
			path = "Search City";
			sourceTree = "<group>";
		};
		51FB42662A2B875B0007CE78 /* Models */ = {
			isa = PBXGroup;
			children = (
				51FB42572A2B747A0007CE78 /* SearchCityModel.swift */,
			);
			path = Models;
			sourceTree = "<group>";
		};
		51FB42672A2B875D0007CE78 /* Views */ = {
			isa = PBXGroup;
			children = (
				512F6A1F2A2206CA0074E7A8 /* CityTableViewCell.swift */,
			);
			path = Views;
			sourceTree = "<group>";
		};
		51FB42682A2B875F0007CE78 /* ViewController */ = {
			isa = PBXGroup;
			children = (
				512F6A1D2A2204260074E7A8 /* CitiesViewController.swift */,
			);
			path = ViewController;
			sourceTree = "<group>";
		};
		51FB42692A2B87650007CE78 /* Models */ = {
			isa = PBXGroup;
			children = (
				512F6A2C2A2354CC0074E7A8 /* WeatherConditionModel.swift */,
				512F6A382A236AD10074E7A8 /* ForecastDayModel.swift */,
				512F6A212A2209010074E7A8 /* CityModel.swift */,
			);
			path = Models;
			sourceTree = "<group>";
		};
		51FB426A2A2B87670007CE78 /* Views */ = {
			isa = PBXGroup;
			children = (
				516009402A1114A3006A9803 /* ForecastItemView.swift */,
				5100611C2A1A0D50001B8CC6 /* DayForecastView.swift */,
			);
			path = Views;
			sourceTree = "<group>";
		};
		51FB426B2A2B87690007CE78 /* ViewController */ = {
			isa = PBXGroup;
			children = (
				513BF9102A0FC1B2000F547D /* ViewController.swift */,
				519F68C32A10F6C70059688D /* Main.storyboard */,
			);
			path = ViewController;
			sourceTree = "<group>";
		};
		51FB426C2A2B880D0007CE78 /* Network */ = {
			isa = PBXGroup;
			children = (
				51FB42562A2B74630007CE78 /* DataSource */,
				51FB42552A2B74610007CE78 /* Endpoint */,
			);
			path = Network;
			sourceTree = "<group>";
		};
		51FB426D2A2B88230007CE78 /* Network */ = {
			isa = PBXGroup;
			children = (
				512F6A352A2360600074E7A8 /* DataSource */,
				512F6A302A235EB50074E7A8 /* Endpoint */,
			);
			path = Network;
			sourceTree = "<group>";
		};
		51FB426E2A2B88430007CE78 /* Common */ = {
			isa = PBXGroup;
			children = (
				51FB42712A2B886F0007CE78 /* Extensions */,
				51FB425D2A2B82630007CE78 /* Network */,
				51FB42602A2B82970007CE78 /* Protocols */,
			);
			path = Common;
			sourceTree = "<group>";
		};
		51FB426F2A2B88510007CE78 /* Application */ = {
			isa = PBXGroup;
			children = (
				513BF90C2A0FC1B2000F547D /* AppDelegate.swift */,
				513BF90E2A0FC1B2000F547D /* SceneDelegate.swift */,
			);
			path = Application;
			sourceTree = "<group>";
		};
		51FB42702A2B885A0007CE78 /* Resources */ = {
			isa = PBXGroup;
			children = (
				51FB42732A2B88850007CE78 /* Constants */,
				51FB42722A2B887C0007CE78 /* Colors */,
				513BF9172A0FC1B3000F547D /* LaunchScreen.storyboard */,
				513BF91A2A0FC1B3000F547D /* Info.plist */,
				513BF9152A0FC1B3000F547D /* Assets.xcassets */,
			);
			path = Resources;
			sourceTree = "<group>";
		};
		51FB42712A2B886F0007CE78 /* Extensions */ = {
			isa = PBXGroup;
			children = (
				512F6A2E2A235E490074E7A8 /* Double + Extension.swift */,
			);
			path = Extensions;
			sourceTree = "<group>";
		};
		51FB42722A2B887C0007CE78 /* Colors */ = {
			isa = PBXGroup;
			children = (
				5160093E2A111228006A9803 /* Color.swift */,
			);
			path = Colors;
			sourceTree = "<group>";
		};
		51FB42732A2B88850007CE78 /* Constants */ = {
			isa = PBXGroup;
			children = (
				512F6A332A235F5B0074E7A8 /* Constants.swift */,
			);
			path = Constants;
			sourceTree = "<group>";
		};
/* End PBXGroup section */

/* Begin PBXNativeTarget section */
		513BF9082A0FC1B2000F547D /* WeatherAppClone */ = {
			isa = PBXNativeTarget;
			buildConfigurationList = 513BF9332A0FC1B3000F547D /* Build configuration list for PBXNativeTarget "WeatherAppClone" */;
			buildPhases = (
				513BF9052A0FC1B2000F547D /* Sources */,
				513BF9062A0FC1B2000F547D /* Frameworks */,
				513BF9072A0FC1B2000F547D /* Resources */,
			);
			buildRules = (
			);
			dependencies = (
			);
			name = WeatherAppClone;
			packageProductDependencies = (
				51FB42512A2B66F60007CE78 /* Kingfisher */,
			);
			productName = WeatherAppClone;
			productReference = 513BF9092A0FC1B2000F547D /* WeatherAppClone.app */;
			productType = "com.apple.product-type.application";
		};
		513BF91E2A0FC1B3000F547D /* WeatherAppCloneTests */ = {
			isa = PBXNativeTarget;
			buildConfigurationList = 513BF9362A0FC1B3000F547D /* Build configuration list for PBXNativeTarget "WeatherAppCloneTests" */;
			buildPhases = (
				513BF91B2A0FC1B3000F547D /* Sources */,
				513BF91C2A0FC1B3000F547D /* Frameworks */,
				513BF91D2A0FC1B3000F547D /* Resources */,
			);
			buildRules = (
			);
			dependencies = (
				513BF9212A0FC1B3000F547D /* PBXTargetDependency */,
			);
			name = WeatherAppCloneTests;
			productName = WeatherAppCloneTests;
			productReference = 513BF91F2A0FC1B3000F547D /* WeatherAppCloneTests.xctest */;
			productType = "com.apple.product-type.bundle.unit-test";
		};
		513BF9282A0FC1B3000F547D /* WeatherAppCloneUITests */ = {
			isa = PBXNativeTarget;
			buildConfigurationList = 513BF9392A0FC1B3000F547D /* Build configuration list for PBXNativeTarget "WeatherAppCloneUITests" */;
			buildPhases = (
				513BF9252A0FC1B3000F547D /* Sources */,
				513BF9262A0FC1B3000F547D /* Frameworks */,
				513BF9272A0FC1B3000F547D /* Resources */,
			);
			buildRules = (
			);
			dependencies = (
				513BF92B2A0FC1B3000F547D /* PBXTargetDependency */,
			);
			name = WeatherAppCloneUITests;
			productName = WeatherAppCloneUITests;
			productReference = 513BF9292A0FC1B3000F547D /* WeatherAppCloneUITests.xctest */;
			productType = "com.apple.product-type.bundle.ui-testing";
		};
/* End PBXNativeTarget section */

/* Begin PBXProject section */
		513BF9012A0FC1B2000F547D /* Project object */ = {
			isa = PBXProject;
			attributes = {
				BuildIndependentTargetsInParallel = 1;
				LastSwiftUpdateCheck = 1420;
				LastUpgradeCheck = 1420;
				TargetAttributes = {
					513BF9082A0FC1B2000F547D = {
						CreatedOnToolsVersion = 14.2;
					};
					513BF91E2A0FC1B3000F547D = {
						CreatedOnToolsVersion = 14.2;
						TestTargetID = 513BF9082A0FC1B2000F547D;
					};
					513BF9282A0FC1B3000F547D = {
						CreatedOnToolsVersion = 14.2;
						TestTargetID = 513BF9082A0FC1B2000F547D;
					};
				};
			};
			buildConfigurationList = 513BF9042A0FC1B2000F547D /* Build configuration list for PBXProject "WeatherAppClone" */;
			compatibilityVersion = "Xcode 14.0";
			developmentRegion = en;
			hasScannedForEncodings = 0;
			knownRegions = (
				en,
				Base,
			);
			mainGroup = 513BF9002A0FC1B2000F547D;
			packageReferences = (
				51FB42502A2B66F60007CE78 /* XCRemoteSwiftPackageReference "Kingfisher" */,
			);
			productRefGroup = 513BF90A2A0FC1B2000F547D /* Products */;
			projectDirPath = "";
			projectRoot = "";
			targets = (
				513BF9082A0FC1B2000F547D /* WeatherAppClone */,
				513BF91E2A0FC1B3000F547D /* WeatherAppCloneTests */,
				513BF9282A0FC1B3000F547D /* WeatherAppCloneUITests */,
			);
		};
/* End PBXProject section */

/* Begin PBXResourcesBuildPhase section */
		513BF9072A0FC1B2000F547D /* Resources */ = {
			isa = PBXResourcesBuildPhase;
			buildActionMask = 2147483647;
			files = (
				513BF9192A0FC1B3000F547D /* LaunchScreen.storyboard in Resources */,
				513BF9162A0FC1B3000F547D /* Assets.xcassets in Resources */,
				519F68C42A10F6C70059688D /* Main.storyboard in Resources */,
			);
			runOnlyForDeploymentPostprocessing = 0;
		};
		513BF91D2A0FC1B3000F547D /* Resources */ = {
			isa = PBXResourcesBuildPhase;
			buildActionMask = 2147483647;
			files = (
			);
			runOnlyForDeploymentPostprocessing = 0;
		};
		513BF9272A0FC1B3000F547D /* Resources */ = {
			isa = PBXResourcesBuildPhase;
			buildActionMask = 2147483647;
			files = (
			);
			runOnlyForDeploymentPostprocessing = 0;
		};
/* End PBXResourcesBuildPhase section */

/* Begin PBXSourcesBuildPhase section */
		513BF9052A0FC1B2000F547D /* Sources */ = {
			isa = PBXSourcesBuildPhase;
			buildActionMask = 2147483647;
			files = (
				513BF9112A0FC1B2000F547D /* ViewController.swift in Sources */,
				513BF90D2A0FC1B2000F547D /* AppDelegate.swift in Sources */,
				51FB425F2A2B826A0007CE78 /* Network.swift in Sources */,
				516009412A1114A3006A9803 /* ForecastItemView.swift in Sources */,
				512F6A2F2A235E490074E7A8 /* Double + Extension.swift in Sources */,
				51FB425C2A2B75720007CE78 /* SearchCityDataSource.swift in Sources */,
				512F6A222A2209010074E7A8 /* CityModel.swift in Sources */,
				5160093F2A111228006A9803 /* Color.swift in Sources */,
				512F6A1E2A2204260074E7A8 /* CitiesViewController.swift in Sources */,
				51FB425A2A2B74C80007CE78 /* SearchCityEndpoint.swift in Sources */,
				51FB42622A2B82A30007CE78 /* RequestProviding.swift in Sources */,
				51FB42582A2B747A0007CE78 /* SearchCityModel.swift in Sources */,
				5100611D2A1A0D50001B8CC6 /* DayForecastView.swift in Sources */,
				512F6A372A23606D0074E7A8 /* ForecastDataSource.swift in Sources */,
				512F6A322A235EC50074E7A8 /* WeatherEndpoint.swift in Sources */,
				512F6A2D2A2354CC0074E7A8 /* WeatherConditionModel.swift in Sources */,
				512F6A342A235F5B0074E7A8 /* Constants.swift in Sources */,
				512F6A392A236AD10074E7A8 /* ForecastDayModel.swift in Sources */,
				513BF90F2A0FC1B2000F547D /* SceneDelegate.swift in Sources */,
				512F6A202A2206CA0074E7A8 /* CityTableViewCell.swift in Sources */,
			);
			runOnlyForDeploymentPostprocessing = 0;
		};
		513BF91B2A0FC1B3000F547D /* Sources */ = {
			isa = PBXSourcesBuildPhase;
			buildActionMask = 2147483647;
			files = (
				513BF9242A0FC1B3000F547D /* WeatherAppCloneTests.swift in Sources */,
			);
			runOnlyForDeploymentPostprocessing = 0;
		};
		513BF9252A0FC1B3000F547D /* Sources */ = {
			isa = PBXSourcesBuildPhase;
			buildActionMask = 2147483647;
			files = (
				513BF92E2A0FC1B3000F547D /* WeatherAppCloneUITests.swift in Sources */,
				513BF9302A0FC1B3000F547D /* WeatherAppCloneUITestsLaunchTests.swift in Sources */,
			);
			runOnlyForDeploymentPostprocessing = 0;
		};
/* End PBXSourcesBuildPhase section */

/* Begin PBXTargetDependency section */
		513BF9212A0FC1B3000F547D /* PBXTargetDependency */ = {
			isa = PBXTargetDependency;
			target = 513BF9082A0FC1B2000F547D /* WeatherAppClone */;
			targetProxy = 513BF9202A0FC1B3000F547D /* PBXContainerItemProxy */;
		};
		513BF92B2A0FC1B3000F547D /* PBXTargetDependency */ = {
			isa = PBXTargetDependency;
			target = 513BF9082A0FC1B2000F547D /* WeatherAppClone */;
			targetProxy = 513BF92A2A0FC1B3000F547D /* PBXContainerItemProxy */;
		};
/* End PBXTargetDependency section */

/* Begin PBXVariantGroup section */
		513BF9172A0FC1B3000F547D /* LaunchScreen.storyboard */ = {
			isa = PBXVariantGroup;
			children = (
				513BF9182A0FC1B3000F547D /* Base */,
			);
			name = LaunchScreen.storyboard;
			sourceTree = "<group>";
		};
/* End PBXVariantGroup section */

/* Begin XCBuildConfiguration section */
		513BF9312A0FC1B3000F547D /* Debug */ = {
			isa = XCBuildConfiguration;
			buildSettings = {
				ALWAYS_SEARCH_USER_PATHS = NO;
				CLANG_ANALYZER_NONNULL = YES;
				CLANG_ANALYZER_NUMBER_OBJECT_CONVERSION = YES_AGGRESSIVE;
				CLANG_CXX_LANGUAGE_STANDARD = "gnu++20";
				CLANG_ENABLE_MODULES = YES;
				CLANG_ENABLE_OBJC_ARC = YES;
				CLANG_ENABLE_OBJC_WEAK = YES;
				CLANG_WARN_BLOCK_CAPTURE_AUTORELEASING = YES;
				CLANG_WARN_BOOL_CONVERSION = YES;
				CLANG_WARN_COMMA = YES;
				CLANG_WARN_CONSTANT_CONVERSION = YES;
				CLANG_WARN_DEPRECATED_OBJC_IMPLEMENTATIONS = YES;
				CLANG_WARN_DIRECT_OBJC_ISA_USAGE = YES_ERROR;
				CLANG_WARN_DOCUMENTATION_COMMENTS = YES;
				CLANG_WARN_EMPTY_BODY = YES;
				CLANG_WARN_ENUM_CONVERSION = YES;
				CLANG_WARN_INFINITE_RECURSION = YES;
				CLANG_WARN_INT_CONVERSION = YES;
				CLANG_WARN_NON_LITERAL_NULL_CONVERSION = YES;
				CLANG_WARN_OBJC_IMPLICIT_RETAIN_SELF = YES;
				CLANG_WARN_OBJC_LITERAL_CONVERSION = YES;
				CLANG_WARN_OBJC_ROOT_CLASS = YES_ERROR;
				CLANG_WARN_QUOTED_INCLUDE_IN_FRAMEWORK_HEADER = YES;
				CLANG_WARN_RANGE_LOOP_ANALYSIS = YES;
				CLANG_WARN_STRICT_PROTOTYPES = YES;
				CLANG_WARN_SUSPICIOUS_MOVE = YES;
				CLANG_WARN_UNGUARDED_AVAILABILITY = YES_AGGRESSIVE;
				CLANG_WARN_UNREACHABLE_CODE = YES;
				CLANG_WARN__DUPLICATE_METHOD_MATCH = YES;
				COPY_PHASE_STRIP = NO;
				DEBUG_INFORMATION_FORMAT = dwarf;
				ENABLE_STRICT_OBJC_MSGSEND = YES;
				ENABLE_TESTABILITY = YES;
				GCC_C_LANGUAGE_STANDARD = gnu11;
				GCC_DYNAMIC_NO_PIC = NO;
				GCC_NO_COMMON_BLOCKS = YES;
				GCC_OPTIMIZATION_LEVEL = 0;
				GCC_PREPROCESSOR_DEFINITIONS = (
					"DEBUG=1",
					"$(inherited)",
				);
				GCC_WARN_64_TO_32_BIT_CONVERSION = YES;
				GCC_WARN_ABOUT_RETURN_TYPE = YES_ERROR;
				GCC_WARN_UNDECLARED_SELECTOR = YES;
				GCC_WARN_UNINITIALIZED_AUTOS = YES_AGGRESSIVE;
				GCC_WARN_UNUSED_FUNCTION = YES;
				GCC_WARN_UNUSED_VARIABLE = YES;
				IPHONEOS_DEPLOYMENT_TARGET = 16.2;
				MTL_ENABLE_DEBUG_INFO = INCLUDE_SOURCE;
				MTL_FAST_MATH = YES;
				ONLY_ACTIVE_ARCH = YES;
				SDKROOT = iphoneos;
				SWIFT_ACTIVE_COMPILATION_CONDITIONS = DEBUG;
				SWIFT_OPTIMIZATION_LEVEL = "-Onone";
			};
			name = Debug;
		};
		513BF9322A0FC1B3000F547D /* Release */ = {
			isa = XCBuildConfiguration;
			buildSettings = {
				ALWAYS_SEARCH_USER_PATHS = NO;
				CLANG_ANALYZER_NONNULL = YES;
				CLANG_ANALYZER_NUMBER_OBJECT_CONVERSION = YES_AGGRESSIVE;
				CLANG_CXX_LANGUAGE_STANDARD = "gnu++20";
				CLANG_ENABLE_MODULES = YES;
				CLANG_ENABLE_OBJC_ARC = YES;
				CLANG_ENABLE_OBJC_WEAK = YES;
				CLANG_WARN_BLOCK_CAPTURE_AUTORELEASING = YES;
				CLANG_WARN_BOOL_CONVERSION = YES;
				CLANG_WARN_COMMA = YES;
				CLANG_WARN_CONSTANT_CONVERSION = YES;
				CLANG_WARN_DEPRECATED_OBJC_IMPLEMENTATIONS = YES;
				CLANG_WARN_DIRECT_OBJC_ISA_USAGE = YES_ERROR;
				CLANG_WARN_DOCUMENTATION_COMMENTS = YES;
				CLANG_WARN_EMPTY_BODY = YES;
				CLANG_WARN_ENUM_CONVERSION = YES;
				CLANG_WARN_INFINITE_RECURSION = YES;
				CLANG_WARN_INT_CONVERSION = YES;
				CLANG_WARN_NON_LITERAL_NULL_CONVERSION = YES;
				CLANG_WARN_OBJC_IMPLICIT_RETAIN_SELF = YES;
				CLANG_WARN_OBJC_LITERAL_CONVERSION = YES;
				CLANG_WARN_OBJC_ROOT_CLASS = YES_ERROR;
				CLANG_WARN_QUOTED_INCLUDE_IN_FRAMEWORK_HEADER = YES;
				CLANG_WARN_RANGE_LOOP_ANALYSIS = YES;
				CLANG_WARN_STRICT_PROTOTYPES = YES;
				CLANG_WARN_SUSPICIOUS_MOVE = YES;
				CLANG_WARN_UNGUARDED_AVAILABILITY = YES_AGGRESSIVE;
				CLANG_WARN_UNREACHABLE_CODE = YES;
				CLANG_WARN__DUPLICATE_METHOD_MATCH = YES;
				COPY_PHASE_STRIP = NO;
				DEBUG_INFORMATION_FORMAT = "dwarf-with-dsym";
				ENABLE_NS_ASSERTIONS = NO;
				ENABLE_STRICT_OBJC_MSGSEND = YES;
				GCC_C_LANGUAGE_STANDARD = gnu11;
				GCC_NO_COMMON_BLOCKS = YES;
				GCC_WARN_64_TO_32_BIT_CONVERSION = YES;
				GCC_WARN_ABOUT_RETURN_TYPE = YES_ERROR;
				GCC_WARN_UNDECLARED_SELECTOR = YES;
				GCC_WARN_UNINITIALIZED_AUTOS = YES_AGGRESSIVE;
				GCC_WARN_UNUSED_FUNCTION = YES;
				GCC_WARN_UNUSED_VARIABLE = YES;
				IPHONEOS_DEPLOYMENT_TARGET = 16.2;
				MTL_ENABLE_DEBUG_INFO = NO;
				MTL_FAST_MATH = YES;
				SDKROOT = iphoneos;
				SWIFT_COMPILATION_MODE = wholemodule;
				SWIFT_OPTIMIZATION_LEVEL = "-O";
				VALIDATE_PRODUCT = YES;
			};
			name = Release;
		};
		513BF9342A0FC1B3000F547D /* Debug */ = {
			isa = XCBuildConfiguration;
			buildSettings = {
				ASSETCATALOG_COMPILER_APPICON_NAME = AppIcon;
				ASSETCATALOG_COMPILER_GLOBAL_ACCENT_COLOR_NAME = AccentColor;
				CODE_SIGN_STYLE = Automatic;
				CURRENT_PROJECT_VERSION = 1;
				DEVELOPMENT_TEAM = Z92VBSZT25;
				GENERATE_INFOPLIST_FILE = YES;
				INFOPLIST_FILE = WeatherAppClone/Info.plist;
				INFOPLIST_KEY_UIApplicationSupportsIndirectInputEvents = YES;
				INFOPLIST_KEY_UILaunchStoryboardName = LaunchScreen;
				INFOPLIST_KEY_UIMainStoryboardFile = Main;
				INFOPLIST_KEY_UIStatusBarStyle = "";
				INFOPLIST_KEY_UISupportedInterfaceOrientations = UIInterfaceOrientationPortrait;
				INFOPLIST_KEY_UISupportedInterfaceOrientations_iPad = "UIInterfaceOrientationLandscapeLeft UIInterfaceOrientationLandscapeRight UIInterfaceOrientationPortrait UIInterfaceOrientationPortraitUpsideDown";
				LD_RUNPATH_SEARCH_PATHS = (
					"$(inherited)",
					"@executable_path/Frameworks",
				);
				MARKETING_VERSION = 1.0.0;
				PRODUCT_BUNDLE_IDENTIFIER = merekeyev.WeatherAppClone;
				PRODUCT_NAME = "$(TARGET_NAME)";
				SWIFT_EMIT_LOC_STRINGS = YES;
				SWIFT_VERSION = 5.0;
				TARGETED_DEVICE_FAMILY = "1,2";
			};
			name = Debug;
		};
		513BF9352A0FC1B3000F547D /* Release */ = {
			isa = XCBuildConfiguration;
			buildSettings = {
				ASSETCATALOG_COMPILER_APPICON_NAME = AppIcon;
				ASSETCATALOG_COMPILER_GLOBAL_ACCENT_COLOR_NAME = AccentColor;
				CODE_SIGN_STYLE = Automatic;
				CURRENT_PROJECT_VERSION = 1;
				DEVELOPMENT_TEAM = Z92VBSZT25;
				GENERATE_INFOPLIST_FILE = YES;
				INFOPLIST_FILE = WeatherAppClone/Info.plist;
				INFOPLIST_KEY_UIApplicationSupportsIndirectInputEvents = YES;
				INFOPLIST_KEY_UILaunchStoryboardName = LaunchScreen;
				INFOPLIST_KEY_UIMainStoryboardFile = Main;
				INFOPLIST_KEY_UIStatusBarStyle = "";
				INFOPLIST_KEY_UISupportedInterfaceOrientations = UIInterfaceOrientationPortrait;
				INFOPLIST_KEY_UISupportedInterfaceOrientations_iPad = "UIInterfaceOrientationLandscapeLeft UIInterfaceOrientationLandscapeRight UIInterfaceOrientationPortrait UIInterfaceOrientationPortraitUpsideDown";
				LD_RUNPATH_SEARCH_PATHS = (
					"$(inherited)",
					"@executable_path/Frameworks",
				);
				MARKETING_VERSION = 1.0.0;
				PRODUCT_BUNDLE_IDENTIFIER = merekeyev.WeatherAppClone;
				PRODUCT_NAME = "$(TARGET_NAME)";
				SWIFT_EMIT_LOC_STRINGS = YES;
				SWIFT_VERSION = 5.0;
				TARGETED_DEVICE_FAMILY = "1,2";
			};
			name = Release;
		};
		513BF9372A0FC1B3000F547D /* Debug */ = {
			isa = XCBuildConfiguration;
			buildSettings = {
				ALWAYS_EMBED_SWIFT_STANDARD_LIBRARIES = YES;
				BUNDLE_LOADER = "$(TEST_HOST)";
				CODE_SIGN_STYLE = Automatic;
				CURRENT_PROJECT_VERSION = 1;
				DEVELOPMENT_TEAM = Z92VBSZT25;
				GENERATE_INFOPLIST_FILE = YES;
				IPHONEOS_DEPLOYMENT_TARGET = 16.2;
				MARKETING_VERSION = 1.0;
				PRODUCT_BUNDLE_IDENTIFIER = merekeyev.WeatherAppCloneTests;
				PRODUCT_NAME = "$(TARGET_NAME)";
				SWIFT_EMIT_LOC_STRINGS = NO;
				SWIFT_VERSION = 5.0;
				TARGETED_DEVICE_FAMILY = "1,2";
				TEST_HOST = "$(BUILT_PRODUCTS_DIR)/WeatherAppClone.app/$(BUNDLE_EXECUTABLE_FOLDER_PATH)/WeatherAppClone";
			};
			name = Debug;
		};
		513BF9382A0FC1B3000F547D /* Release */ = {
			isa = XCBuildConfiguration;
			buildSettings = {
				ALWAYS_EMBED_SWIFT_STANDARD_LIBRARIES = YES;
				BUNDLE_LOADER = "$(TEST_HOST)";
				CODE_SIGN_STYLE = Automatic;
				CURRENT_PROJECT_VERSION = 1;
				DEVELOPMENT_TEAM = Z92VBSZT25;
				GENERATE_INFOPLIST_FILE = YES;
				IPHONEOS_DEPLOYMENT_TARGET = 16.2;
				MARKETING_VERSION = 1.0;
				PRODUCT_BUNDLE_IDENTIFIER = merekeyev.WeatherAppCloneTests;
				PRODUCT_NAME = "$(TARGET_NAME)";
				SWIFT_EMIT_LOC_STRINGS = NO;
				SWIFT_VERSION = 5.0;
				TARGETED_DEVICE_FAMILY = "1,2";
				TEST_HOST = "$(BUILT_PRODUCTS_DIR)/WeatherAppClone.app/$(BUNDLE_EXECUTABLE_FOLDER_PATH)/WeatherAppClone";
			};
			name = Release;
		};
		513BF93A2A0FC1B3000F547D /* Debug */ = {
			isa = XCBuildConfiguration;
			buildSettings = {
				ALWAYS_EMBED_SWIFT_STANDARD_LIBRARIES = YES;
				CODE_SIGN_STYLE = Automatic;
				CURRENT_PROJECT_VERSION = 1;
				DEVELOPMENT_TEAM = Z92VBSZT25;
				GENERATE_INFOPLIST_FILE = YES;
				MARKETING_VERSION = 1.0;
				PRODUCT_BUNDLE_IDENTIFIER = merekeyev.WeatherAppCloneUITests;
				PRODUCT_NAME = "$(TARGET_NAME)";
				SWIFT_EMIT_LOC_STRINGS = NO;
				SWIFT_VERSION = 5.0;
				TARGETED_DEVICE_FAMILY = "1,2";
				TEST_TARGET_NAME = WeatherAppClone;
			};
			name = Debug;
		};
		513BF93B2A0FC1B3000F547D /* Release */ = {
			isa = XCBuildConfiguration;
			buildSettings = {
				ALWAYS_EMBED_SWIFT_STANDARD_LIBRARIES = YES;
				CODE_SIGN_STYLE = Automatic;
				CURRENT_PROJECT_VERSION = 1;
				DEVELOPMENT_TEAM = Z92VBSZT25;
				GENERATE_INFOPLIST_FILE = YES;
				MARKETING_VERSION = 1.0;
				PRODUCT_BUNDLE_IDENTIFIER = merekeyev.WeatherAppCloneUITests;
				PRODUCT_NAME = "$(TARGET_NAME)";
				SWIFT_EMIT_LOC_STRINGS = NO;
				SWIFT_VERSION = 5.0;
				TARGETED_DEVICE_FAMILY = "1,2";
				TEST_TARGET_NAME = WeatherAppClone;
			};
			name = Release;
		};
/* End XCBuildConfiguration section */

/* Begin XCConfigurationList section */
		513BF9042A0FC1B2000F547D /* Build configuration list for PBXProject "WeatherAppClone" */ = {
			isa = XCConfigurationList;
			buildConfigurations = (
				513BF9312A0FC1B3000F547D /* Debug */,
				513BF9322A0FC1B3000F547D /* Release */,
			);
			defaultConfigurationIsVisible = 0;
			defaultConfigurationName = Release;
		};
		513BF9332A0FC1B3000F547D /* Build configuration list for PBXNativeTarget "WeatherAppClone" */ = {
			isa = XCConfigurationList;
			buildConfigurations = (
				513BF9342A0FC1B3000F547D /* Debug */,
				513BF9352A0FC1B3000F547D /* Release */,
			);
			defaultConfigurationIsVisible = 0;
			defaultConfigurationName = Release;
		};
		513BF9362A0FC1B3000F547D /* Build configuration list for PBXNativeTarget "WeatherAppCloneTests" */ = {
			isa = XCConfigurationList;
			buildConfigurations = (
				513BF9372A0FC1B3000F547D /* Debug */,
				513BF9382A0FC1B3000F547D /* Release */,
			);
			defaultConfigurationIsVisible = 0;
			defaultConfigurationName = Release;
		};
		513BF9392A0FC1B3000F547D /* Build configuration list for PBXNativeTarget "WeatherAppCloneUITests" */ = {
			isa = XCConfigurationList;
			buildConfigurations = (
				513BF93A2A0FC1B3000F547D /* Debug */,
				513BF93B2A0FC1B3000F547D /* Release */,
			);
			defaultConfigurationIsVisible = 0;
			defaultConfigurationName = Release;
		};
/* End XCConfigurationList section */

/* Begin XCRemoteSwiftPackageReference section */
		51FB42502A2B66F60007CE78 /* XCRemoteSwiftPackageReference "Kingfisher" */ = {
			isa = XCRemoteSwiftPackageReference;
			repositoryURL = "https://github.com/onevcat/Kingfisher.git";
			requirement = {
				kind = upToNextMajorVersion;
				minimumVersion = 7.0.0;
			};
		};
/* End XCRemoteSwiftPackageReference section */

/* Begin XCSwiftPackageProductDependency section */
		51FB42512A2B66F60007CE78 /* Kingfisher */ = {
			isa = XCSwiftPackageProductDependency;
			package = 51FB42502A2B66F60007CE78 /* XCRemoteSwiftPackageReference "Kingfisher" */;
			productName = Kingfisher;
		};
/* End XCSwiftPackageProductDependency section */
	};
	rootObject = 513BF9012A0FC1B2000F547D /* Project object */;
}
