// !$*UTF8*$!
{
	archiveVersion = 1;
	classes = {
	};
	objectVersion = 56;
	objects = {

/* Begin PBXBuildFile section */
		513BF90D2A0FC1B2000F547D /* AppDelegate.swift in Sources */ = {isa = PBXBuildFile; fileRef = 513BF90C2A0FC1B2000F547D /* AppDelegate.swift */; };
		513BF90F2A0FC1B2000F547D /* SceneDelegate.swift in Sources */ = {isa = PBXBuildFile; fileRef = 513BF90E2A0FC1B2000F547D /* SceneDelegate.swift */; };
		513BF9112A0FC1B2000F547D /* ViewController.swift in Sources */ = {isa = PBXBuildFile; fileRef = 513BF9102A0FC1B2000F547D /* ViewController.swift */; };
		513BF9162A0FC1B3000F547D /* Assets.xcassets in Resources */ = {isa = PBXBuildFile; fileRef = 513BF9152A0FC1B3000F547D /* Assets.xcassets */; };
		513BF9192A0FC1B3000F547D /* LaunchScreen.storyboard in Resources */ = {isa = PBXBuildFile; fileRef = 513BF9172A0FC1B3000F547D /* LaunchScreen.storyboard */; };
		513BF9242A0FC1B3000F547D /* WeatherAppCloneTests.swift in Sources */ = {isa = PBXBuildFile; fileRef = 513BF9232A0FC1B3000F547D /* WeatherAppCloneTests.swift */; };
		513BF92E2A0FC1B3000F547D /* WeatherAppCloneUITests.swift in Sources */ = {isa = PBXBuildFile; fileRef = 513BF92D2A0FC1B3000F547D /* WeatherAppCloneUITests.swift */; };
		513BF9302A0FC1B3000F547D /* WeatherAppCloneUITestsLaunchTests.swift in Sources */ = {isa = PBXBuildFile; fileRef = 513BF92F2A0FC1B3000F547D /* WeatherAppCloneUITestsLaunchTests.swift */; };
		513BF93D2A0FDB88000F547D /* CurrentTemperatureModel.swift in Sources */ = {isa = PBXBuildFile; fileRef = 513BF93C2A0FDB88000F547D /* CurrentTemperatureModel.swift */; };
		513BF93F2A0FDC73000F547D /* Int + Extension.swift in Sources */ = {isa = PBXBuildFile; fileRef = 513BF93E2A0FDC73000F547D /* Int + Extension.swift */; };
		5160093F2A111228006A9803 /* Color.swift in Sources */ = {isa = PBXBuildFile; fileRef = 5160093E2A111228006A9803 /* Color.swift */; };
		516009412A1114A3006A9803 /* ForecastItemView.swift in Sources */ = {isa = PBXBuildFile; fileRef = 516009402A1114A3006A9803 /* ForecastItemView.swift */; };
		516009432A112217006A9803 /* ForecastItemModel.swift in Sources */ = {isa = PBXBuildFile; fileRef = 516009422A112217006A9803 /* ForecastItemModel.swift */; };
		516009452A112270006A9803 /* WeatherCondition.swift in Sources */ = {isa = PBXBuildFile; fileRef = 516009442A112270006A9803 /* WeatherCondition.swift */; };
		519F68C42A10F6C70059688D /* Main.storyboard in Resources */ = {isa = PBXBuildFile; fileRef = 519F68C32A10F6C70059688D /* Main.storyboard */; };
		51F9FBCC2A110790005D57D4 /* CurrentTemperatureView.xib in Resources */ = {isa = PBXBuildFile; fileRef = 51F9FBCB2A110790005D57D4 /* CurrentTemperatureView.xib */; };
		51F9FBCE2A1107BA005D57D4 /* CurrentTemperatureView.swift in Sources */ = {isa = PBXBuildFile; fileRef = 51F9FBCD2A1107BA005D57D4 /* CurrentTemperatureView.swift */; };
/* End PBXBuildFile section */

/* Begin PBXContainerItemProxy section */
		513BF9202A0FC1B3000F547D /* PBXContainerItemProxy */ = {
			isa = PBXContainerItemProxy;
			containerPortal = 513BF9012A0FC1B2000F547D /* Project object */;
			proxyType = 1;
			remoteGlobalIDString = 513BF9082A0FC1B2000F547D;
			remoteInfo = WeatherAppClone;
		};
		513BF92A2A0FC1B3000F547D /* PBXContainerItemProxy */ = {
			isa = PBXContainerItemProxy;
			containerPortal = 513BF9012A0FC1B2000F547D /* Project object */;
			proxyType = 1;
			remoteGlobalIDString = 513BF9082A0FC1B2000F547D;
			remoteInfo = WeatherAppClone;
		};
/* End PBXContainerItemProxy section */

/* Begin PBXFileReference section */
		513BF9092A0FC1B2000F547D /* WeatherAppClone.app */ = {isa = PBXFileReference; explicitFileType = wrapper.application; includeInIndex = 0; path = WeatherAppClone.app; sourceTree = BUILT_PRODUCTS_DIR; };
		513BF90C2A0FC1B2000F547D /* AppDelegate.swift */ = {isa = PBXFileReference; lastKnownFileType = sourcecode.swift; path = AppDelegate.swift; sourceTree = "<group>"; };
		513BF90E2A0FC1B2000F547D /* SceneDelegate.swift */ = {isa = PBXFileReference; lastKnownFileType = sourcecode.swift; path = SceneDelegate.swift; sourceTree = "<group>"; };
		513BF9102A0FC1B2000F547D /* ViewController.swift */ = {isa = PBXFileReference; lastKnownFileType = sourcecode.swift; path = ViewController.swift; sourceTree = "<group>"; };
		513BF9152A0FC1B3000F547D /* Assets.xcassets */ = {isa = PBXFileReference; lastKnownFileType = folder.assetcatalog; path = Assets.xcassets; sourceTree = "<group>"; };
		513BF9182A0FC1B3000F547D /* Base */ = {isa = PBXFileReference; lastKnownFileType = file.storyboard; name = Base; path = Base.lproj/LaunchScreen.storyboard; sourceTree = "<group>"; };
		513BF91A2A0FC1B3000F547D /* Info.plist */ = {isa = PBXFileReference; lastKnownFileType = text.plist.xml; path = Info.plist; sourceTree = "<group>"; };
		513BF91F2A0FC1B3000F547D /* WeatherAppCloneTests.xctest */ = {isa = PBXFileReference; explicitFileType = wrapper.cfbundle; includeInIndex = 0; path = WeatherAppCloneTests.xctest; sourceTree = BUILT_PRODUCTS_DIR; };
		513BF9232A0FC1B3000F547D /* WeatherAppCloneTests.swift */ = {isa = PBXFileReference; lastKnownFileType = sourcecode.swift; path = WeatherAppCloneTests.swift; sourceTree = "<group>"; };
		513BF9292A0FC1B3000F547D /* WeatherAppCloneUITests.xctest */ = {isa = PBXFileReference; explicitFileType = wrapper.cfbundle; includeInIndex = 0; path = WeatherAppCloneUITests.xctest; sourceTree = BUILT_PRODUCTS_DIR; };
		513BF92D2A0FC1B3000F547D /* WeatherAppCloneUITests.swift */ = {isa = PBXFileReference; lastKnownFileType = sourcecode.swift; path = WeatherAppCloneUITests.swift; sourceTree = "<group>"; };
		513BF92F2A0FC1B3000F547D /* WeatherAppCloneUITestsLaunchTests.swift */ = {isa = PBXFileReference; lastKnownFileType = sourcecode.swift; path = WeatherAppCloneUITestsLaunchTests.swift; sourceTree = "<group>"; };
		513BF93C2A0FDB88000F547D /* CurrentTemperatureModel.swift */ = {isa = PBXFileReference; lastKnownFileType = sourcecode.swift; path = CurrentTemperatureModel.swift; sourceTree = "<group>"; };
		513BF93E2A0FDC73000F547D /* Int + Extension.swift */ = {isa = PBXFileReference; lastKnownFileType = sourcecode.swift; path = "Int + Extension.swift"; sourceTree = "<group>"; };
		5160093E2A111228006A9803 /* Color.swift */ = {isa = PBXFileReference; lastKnownFileType = sourcecode.swift; path = Color.swift; sourceTree = "<group>"; };
		516009402A1114A3006A9803 /* ForecastItemView.swift */ = {isa = PBXFileReference; lastKnownFileType = sourcecode.swift; path = ForecastItemView.swift; sourceTree = "<group>"; };
		516009422A112217006A9803 /* ForecastItemModel.swift */ = {isa = PBXFileReference; lastKnownFileType = sourcecode.swift; path = ForecastItemModel.swift; sourceTree = "<group>"; };
		516009442A112270006A9803 /* WeatherCondition.swift */ = {isa = PBXFileReference; lastKnownFileType = sourcecode.swift; path = WeatherCondition.swift; sourceTree = "<group>"; };
		519F68C32A10F6C70059688D /* Main.storyboard */ = {isa = PBXFileReference; fileEncoding = 4; lastKnownFileType = file.storyboard; path = Main.storyboard; sourceTree = "<group>"; };
		51F9FBCB2A110790005D57D4 /* CurrentTemperatureView.xib */ = {isa = PBXFileReference; lastKnownFileType = file.xib; path = CurrentTemperatureView.xib; sourceTree = "<group>"; };
		51F9FBCD2A1107BA005D57D4 /* CurrentTemperatureView.swift */ = {isa = PBXFileReference; lastKnownFileType = sourcecode.swift; path = CurrentTemperatureView.swift; sourceTree = "<group>"; };
/* End PBXFileReference section */

/* Begin PBXFrameworksBuildPhase section */
		513BF9062A0FC1B2000F547D /* Frameworks */ = {
			isa = PBXFrameworksBuildPhase;
			buildActionMask = 2147483647;
			files = (
			);
			runOnlyForDeploymentPostprocessing = 0;
		};
		513BF91C2A0FC1B3000F547D /* Frameworks */ = {
			isa = PBXFrameworksBuildPhase;
			buildActionMask = 2147483647;
			files = (
			);
			runOnlyForDeploymentPostprocessing = 0;
		};
		513BF9262A0FC1B3000F547D /* Frameworks */ = {
			isa = PBXFrameworksBuildPhase;
			buildActionMask = 2147483647;
			files = (
			);
			runOnlyForDeploymentPostprocessing = 0;
		};
/* End PBXFrameworksBuildPhase section */

/* Begin PBXGroup section */
		513BF9002A0FC1B2000F547D = {
			isa = PBXGroup;
			children = (
				513BF90B2A0FC1B2000F547D /* WeatherAppClone */,
				513BF9222A0FC1B3000F547D /* WeatherAppCloneTests */,
				513BF92C2A0FC1B3000F547D /* WeatherAppCloneUITests */,
				513BF90A2A0FC1B2000F547D /* Products */,
			);
			sourceTree = "<group>";
		};
		513BF90A2A0FC1B2000F547D /* Products */ = {
			isa = PBXGroup;
			children = (
				513BF9092A0FC1B2000F547D /* WeatherAppClone.app */,
				513BF91F2A0FC1B3000F547D /* WeatherAppCloneTests.xctest */,
				513BF9292A0FC1B3000F547D /* WeatherAppCloneUITests.xctest */,
			);
			name = Products;
			sourceTree = "<group>";
		};
		513BF90B2A0FC1B2000F547D /* WeatherAppClone */ = {
			isa = PBXGroup;
			children = (
				513BF90C2A0FC1B2000F547D /* AppDelegate.swift */,
				513BF90E2A0FC1B2000F547D /* SceneDelegate.swift */,
				513BF9102A0FC1B2000F547D /* ViewController.swift */,
				519F68C32A10F6C70059688D /* Main.storyboard */,
				513BF9152A0FC1B3000F547D /* Assets.xcassets */,
				513BF9172A0FC1B3000F547D /* LaunchScreen.storyboard */,
				513BF91A2A0FC1B3000F547D /* Info.plist */,
				513BF93C2A0FDB88000F547D /* CurrentTemperatureModel.swift */,
				513BF93E2A0FDC73000F547D /* Int + Extension.swift */,
				51F9FBCB2A110790005D57D4 /* CurrentTemperatureView.xib */,
				51F9FBCD2A1107BA005D57D4 /* CurrentTemperatureView.swift */,
				5160093E2A111228006A9803 /* Color.swift */,
				516009402A1114A3006A9803 /* ForecastItemView.swift */,
				516009422A112217006A9803 /* ForecastItemModel.swift */,
				516009442A112270006A9803 /* WeatherCondition.swift */,
			);
			path = WeatherAppClone;
			sourceTree = "<group>";
		};
		513BF9222A0FC1B3000F547D /* WeatherAppCloneTests */ = {
			isa = PBXGroup;
			children = (
				513BF9232A0FC1B3000F547D /* WeatherAppCloneTests.swift */,
			);
			path = WeatherAppCloneTests;
			sourceTree = "<group>";
		};
		513BF92C2A0FC1B3000F547D /* WeatherAppCloneUITests */ = {
			isa = PBXGroup;
			children = (
				513BF92D2A0FC1B3000F547D /* WeatherAppCloneUITests.swift */,
				513BF92F2A0FC1B3000F547D /* WeatherAppCloneUITestsLaunchTests.swift */,
			);
			path = WeatherAppCloneUITests;
			sourceTree = "<group>";
		};
/* End PBXGroup section */

/* Begin PBXNativeTarget section */
		513BF9082A0FC1B2000F547D /* WeatherAppClone */ = {
			isa = PBXNativeTarget;
			buildConfigurationList = 513BF9332A0FC1B3000F547D /* Build configuration list for PBXNativeTarget "WeatherAppClone" */;
			buildPhases = (
				513BF9052A0FC1B2000F547D /* Sources */,
				513BF9062A0FC1B2000F547D /* Frameworks */,
				513BF9072A0FC1B2000F547D /* Resources */,
			);
			buildRules = (
			);
			dependencies = (
			);
			name = WeatherAppClone;
			productName = WeatherAppClone;
			productReference = 513BF9092A0FC1B2000F547D /* WeatherAppClone.app */;
			productType = "com.apple.product-type.application";
		};
		513BF91E2A0FC1B3000F547D /* WeatherAppCloneTests */ = {
			isa = PBXNativeTarget;
			buildConfigurationList = 513BF9362A0FC1B3000F547D /* Build configuration list for PBXNativeTarget "WeatherAppCloneTests" */;
			buildPhases = (
				513BF91B2A0FC1B3000F547D /* Sources */,
				513BF91C2A0FC1B3000F547D /* Frameworks */,
				513BF91D2A0FC1B3000F547D /* Resources */,
			);
			buildRules = (
			);
			dependencies = (
				513BF9212A0FC1B3000F547D /* PBXTargetDependency */,
			);
			name = WeatherAppCloneTests;
			productName = WeatherAppCloneTests;
			productReference = 513BF91F2A0FC1B3000F547D /* WeatherAppCloneTests.xctest */;
			productType = "com.apple.product-type.bundle.unit-test";
		};
		513BF9282A0FC1B3000F547D /* WeatherAppCloneUITests */ = {
			isa = PBXNativeTarget;
			buildConfigurationList = 513BF9392A0FC1B3000F547D /* Build configuration list for PBXNativeTarget "WeatherAppCloneUITests" */;
			buildPhases = (
				513BF9252A0FC1B3000F547D /* Sources */,
				513BF9262A0FC1B3000F547D /* Frameworks */,
				513BF9272A0FC1B3000F547D /* Resources */,
			);
			buildRules = (
			);
			dependencies = (
				513BF92B2A0FC1B3000F547D /* PBXTargetDependency */,
			);
			name = WeatherAppCloneUITests;
			productName = WeatherAppCloneUITests;
			productReference = 513BF9292A0FC1B3000F547D /* WeatherAppCloneUITests.xctest */;
			productType = "com.apple.product-type.bundle.ui-testing";
		};
/* End PBXNativeTarget section */

/* Begin PBXProject section */
		513BF9012A0FC1B2000F547D /* Project object */ = {
			isa = PBXProject;
			attributes = {
				BuildIndependentTargetsInParallel = 1;
				LastSwiftUpdateCheck = 1420;
				LastUpgradeCheck = 1420;
				TargetAttributes = {
					513BF9082A0FC1B2000F547D = {
						CreatedOnToolsVersion = 14.2;
					};
					513BF91E2A0FC1B3000F547D = {
						CreatedOnToolsVersion = 14.2;
						TestTargetID = 513BF9082A0FC1B2000F547D;
					};
					513BF9282A0FC1B3000F547D = {
						CreatedOnToolsVersion = 14.2;
						TestTargetID = 513BF9082A0FC1B2000F547D;
					};
				};
			};
			buildConfigurationList = 513BF9042A0FC1B2000F547D /* Build configuration list for PBXProject "WeatherAppClone" */;
			compatibilityVersion = "Xcode 14.0";
			developmentRegion = en;
			hasScannedForEncodings = 0;
			knownRegions = (
				en,
				Base,
			);
			mainGroup = 513BF9002A0FC1B2000F547D;
			productRefGroup = 513BF90A2A0FC1B2000F547D /* Products */;
			projectDirPath = "";
			projectRoot = "";
			targets = (
				513BF9082A0FC1B2000F547D /* WeatherAppClone */,
				513BF91E2A0FC1B3000F547D /* WeatherAppCloneTests */,
				513BF9282A0FC1B3000F547D /* WeatherAppCloneUITests */,
			);
		};
/* End PBXProject section */

/* Begin PBXResourcesBuildPhase section */
		513BF9072A0FC1B2000F547D /* Resources */ = {
			isa = PBXResourcesBuildPhase;
			buildActionMask = 2147483647;
			files = (
				513BF9192A0FC1B3000F547D /* LaunchScreen.storyboard in Resources */,
				513BF9162A0FC1B3000F547D /* Assets.xcassets in Resources */,
				519F68C42A10F6C70059688D /* Main.storyboard in Resources */,
				51F9FBCC2A110790005D57D4 /* CurrentTemperatureView.xib in Resources */,
			);
			runOnlyForDeploymentPostprocessing = 0;
		};
		513BF91D2A0FC1B3000F547D /* Resources */ = {
			isa = PBXResourcesBuildPhase;
			buildActionMask = 2147483647;
			files = (
			);
			runOnlyForDeploymentPostprocessing = 0;
		};
		513BF9272A0FC1B3000F547D /* Resources */ = {
			isa = PBXResourcesBuildPhase;
			buildActionMask = 2147483647;
			files = (
			);
			runOnlyForDeploymentPostprocessing = 0;
		};
/* End PBXResourcesBuildPhase section */

/* Begin PBXSourcesBuildPhase section */
		513BF9052A0FC1B2000F547D /* Sources */ = {
			isa = PBXSourcesBuildPhase;
			buildActionMask = 2147483647;
			files = (
				513BF9112A0FC1B2000F547D /* ViewController.swift in Sources */,
				513BF90D2A0FC1B2000F547D /* AppDelegate.swift in Sources */,
				516009412A1114A3006A9803 /* ForecastItemView.swift in Sources */,
				5160093F2A111228006A9803 /* Color.swift in Sources */,
				516009452A112270006A9803 /* WeatherCondition.swift in Sources */,
				513BF93F2A0FDC73000F547D /* Int + Extension.swift in Sources */,
				513BF93D2A0FDB88000F547D /* CurrentTemperatureModel.swift in Sources */,
				513BF90F2A0FC1B2000F547D /* SceneDelegate.swift in Sources */,
				51F9FBCE2A1107BA005D57D4 /* CurrentTemperatureView.swift in Sources */,
				516009432A112217006A9803 /* ForecastItemModel.swift in Sources */,
			);
			runOnlyForDeploymentPostprocessing = 0;
		};
		513BF91B2A0FC1B3000F547D /* Sources */ = {
			isa = PBXSourcesBuildPhase;
			buildActionMask = 2147483647;
			files = (
				513BF9242A0FC1B3000F547D /* WeatherAppCloneTests.swift in Sources */,
			);
			runOnlyForDeploymentPostprocessing = 0;
		};
		513BF9252A0FC1B3000F547D /* Sources */ = {
			isa = PBXSourcesBuildPhase;
			buildActionMask = 2147483647;
			files = (
				513BF92E2A0FC1B3000F547D /* WeatherAppCloneUITests.swift in Sources */,
				513BF9302A0FC1B3000F547D /* WeatherAppCloneUITestsLaunchTests.swift in Sources */,
			);
			runOnlyForDeploymentPostprocessing = 0;
		};
/* End PBXSourcesBuildPhase section */

/* Begin PBXTargetDependency section */
		513BF9212A0FC1B3000F547D /* PBXTargetDependency */ = {
			isa = PBXTargetDependency;
			target = 513BF9082A0FC1B2000F547D /* WeatherAppClone */;
			targetProxy = 513BF9202A0FC1B3000F547D /* PBXContainerItemProxy */;
		};
		513BF92B2A0FC1B3000F547D /* PBXTargetDependency */ = {
			isa = PBXTargetDependency;
			target = 513BF9082A0FC1B2000F547D /* WeatherAppClone */;
			targetProxy = 513BF92A2A0FC1B3000F547D /* PBXContainerItemProxy */;
		};
/* End PBXTargetDependency section */

/* Begin PBXVariantGroup section */
		513BF9172A0FC1B3000F547D /* LaunchScreen.storyboard */ = {
			isa = PBXVariantGroup;
			children = (
				513BF9182A0FC1B3000F547D /* Base */,
			);
			name = LaunchScreen.storyboard;
			sourceTree = "<group>";
		};
/* End PBXVariantGroup section */

/* Begin XCBuildConfiguration section */
		513BF9312A0FC1B3000F547D /* Debug */ = {
			isa = XCBuildConfiguration;
			buildSettings = {
				ALWAYS_SEARCH_USER_PATHS = NO;
				CLANG_ANALYZER_NONNULL = YES;
				CLANG_ANALYZER_NUMBER_OBJECT_CONVERSION = YES_AGGRESSIVE;
				CLANG_CXX_LANGUAGE_STANDARD = "gnu++20";
				CLANG_ENABLE_MODULES = YES;
				CLANG_ENABLE_OBJC_ARC = YES;
				CLANG_ENABLE_OBJC_WEAK = YES;
				CLANG_WARN_BLOCK_CAPTURE_AUTORELEASING = YES;
				CLANG_WARN_BOOL_CONVERSION = YES;
				CLANG_WARN_COMMA = YES;
				CLANG_WARN_CONSTANT_CONVERSION = YES;
				CLANG_WARN_DEPRECATED_OBJC_IMPLEMENTATIONS = YES;
				CLANG_WARN_DIRECT_OBJC_ISA_USAGE = YES_ERROR;
				CLANG_WARN_DOCUMENTATION_COMMENTS = YES;
				CLANG_WARN_EMPTY_BODY = YES;
				CLANG_WARN_ENUM_CONVERSION = YES;
				CLANG_WARN_INFINITE_RECURSION = YES;
				CLANG_WARN_INT_CONVERSION = YES;
				CLANG_WARN_NON_LITERAL_NULL_CONVERSION = YES;
				CLANG_WARN_OBJC_IMPLICIT_RETAIN_SELF = YES;
				CLANG_WARN_OBJC_LITERAL_CONVERSION = YES;
				CLANG_WARN_OBJC_ROOT_CLASS = YES_ERROR;
				CLANG_WARN_QUOTED_INCLUDE_IN_FRAMEWORK_HEADER = YES;
				CLANG_WARN_RANGE_LOOP_ANALYSIS = YES;
				CLANG_WARN_STRICT_PROTOTYPES = YES;
				CLANG_WARN_SUSPICIOUS_MOVE = YES;
				CLANG_WARN_UNGUARDED_AVAILABILITY = YES_AGGRESSIVE;
				CLANG_WARN_UNREACHABLE_CODE = YES;
				CLANG_WARN__DUPLICATE_METHOD_MATCH = YES;
				COPY_PHASE_STRIP = NO;
				DEBUG_INFORMATION_FORMAT = dwarf;
				ENABLE_STRICT_OBJC_MSGSEND = YES;
				ENABLE_TESTABILITY = YES;
				GCC_C_LANGUAGE_STANDARD = gnu11;
				GCC_DYNAMIC_NO_PIC = NO;
				GCC_NO_COMMON_BLOCKS = YES;
				GCC_OPTIMIZATION_LEVEL = 0;
				GCC_PREPROCESSOR_DEFINITIONS = (
					"DEBUG=1",
					"$(inherited)",
				);
				GCC_WARN_64_TO_32_BIT_CONVERSION = YES;
				GCC_WARN_ABOUT_RETURN_TYPE = YES_ERROR;
				GCC_WARN_UNDECLARED_SELECTOR = YES;
				GCC_WARN_UNINITIALIZED_AUTOS = YES_AGGRESSIVE;
				GCC_WARN_UNUSED_FUNCTION = YES;
				GCC_WARN_UNUSED_VARIABLE = YES;
				IPHONEOS_DEPLOYMENT_TARGET = 16.2;
				MTL_ENABLE_DEBUG_INFO = INCLUDE_SOURCE;
				MTL_FAST_MATH = YES;
				ONLY_ACTIVE_ARCH = YES;
				SDKROOT = iphoneos;
				SWIFT_ACTIVE_COMPILATION_CONDITIONS = DEBUG;
				SWIFT_OPTIMIZATION_LEVEL = "-Onone";
			};
			name = Debug;
		};
		513BF9322A0FC1B3000F547D /* Release */ = {
			isa = XCBuildConfiguration;
			buildSettings = {
				ALWAYS_SEARCH_USER_PATHS = NO;
				CLANG_ANALYZER_NONNULL = YES;
				CLANG_ANALYZER_NUMBER_OBJECT_CONVERSION = YES_AGGRESSIVE;
				CLANG_CXX_LANGUAGE_STANDARD = "gnu++20";
				CLANG_ENABLE_MODULES = YES;
				CLANG_ENABLE_OBJC_ARC = YES;
				CLANG_ENABLE_OBJC_WEAK = YES;
				CLANG_WARN_BLOCK_CAPTURE_AUTORELEASING = YES;
				CLANG_WARN_BOOL_CONVERSION = YES;
				CLANG_WARN_COMMA = YES;
				CLANG_WARN_CONSTANT_CONVERSION = YES;
				CLANG_WARN_DEPRECATED_OBJC_IMPLEMENTATIONS = YES;
				CLANG_WARN_DIRECT_OBJC_ISA_USAGE = YES_ERROR;
				CLANG_WARN_DOCUMENTATION_COMMENTS = YES;
				CLANG_WARN_EMPTY_BODY = YES;
				CLANG_WARN_ENUM_CONVERSION = YES;
				CLANG_WARN_INFINITE_RECURSION = YES;
				CLANG_WARN_INT_CONVERSION = YES;
				CLANG_WARN_NON_LITERAL_NULL_CONVERSION = YES;
				CLANG_WARN_OBJC_IMPLICIT_RETAIN_SELF = YES;
				CLANG_WARN_OBJC_LITERAL_CONVERSION = YES;
				CLANG_WARN_OBJC_ROOT_CLASS = YES_ERROR;
				CLANG_WARN_QUOTED_INCLUDE_IN_FRAMEWORK_HEADER = YES;
				CLANG_WARN_RANGE_LOOP_ANALYSIS = YES;
				CLANG_WARN_STRICT_PROTOTYPES = YES;
				CLANG_WARN_SUSPICIOUS_MOVE = YES;
				CLANG_WARN_UNGUARDED_AVAILABILITY = YES_AGGRESSIVE;
				CLANG_WARN_UNREACHABLE_CODE = YES;
				CLANG_WARN__DUPLICATE_METHOD_MATCH = YES;
				COPY_PHASE_STRIP = NO;
				DEBUG_INFORMATION_FORMAT = "dwarf-with-dsym";
				ENABLE_NS_ASSERTIONS = NO;
				ENABLE_STRICT_OBJC_MSGSEND = YES;
				GCC_C_LANGUAGE_STANDARD = gnu11;
				GCC_NO_COMMON_BLOCKS = YES;
				GCC_WARN_64_TO_32_BIT_CONVERSION = YES;
				GCC_WARN_ABOUT_RETURN_TYPE = YES_ERROR;
				GCC_WARN_UNDECLARED_SELECTOR = YES;
				GCC_WARN_UNINITIALIZED_AUTOS = YES_AGGRESSIVE;
				GCC_WARN_UNUSED_FUNCTION = YES;
				GCC_WARN_UNUSED_VARIABLE = YES;
				IPHONEOS_DEPLOYMENT_TARGET = 16.2;
				MTL_ENABLE_DEBUG_INFO = NO;
				MTL_FAST_MATH = YES;
				SDKROOT = iphoneos;
				SWIFT_COMPILATION_MODE = wholemodule;
				SWIFT_OPTIMIZATION_LEVEL = "-O";
				VALIDATE_PRODUCT = YES;
			};
			name = Release;
		};
		513BF9342A0FC1B3000F547D /* Debug */ = {
			isa = XCBuildConfiguration;
			buildSettings = {
				ASSETCATALOG_COMPILER_APPICON_NAME = AppIcon;
				ASSETCATALOG_COMPILER_GLOBAL_ACCENT_COLOR_NAME = AccentColor;
				CODE_SIGN_STYLE = Automatic;
				CURRENT_PROJECT_VERSION = 1;
				DEVELOPMENT_TEAM = Z92VBSZT25;
				GENERATE_INFOPLIST_FILE = YES;
				INFOPLIST_FILE = WeatherAppClone/Info.plist;
				INFOPLIST_KEY_UIApplicationSupportsIndirectInputEvents = YES;
				INFOPLIST_KEY_UILaunchStoryboardName = LaunchScreen;
				INFOPLIST_KEY_UIMainStoryboardFile = Main;
				INFOPLIST_KEY_UIStatusBarStyle = "";
				INFOPLIST_KEY_UISupportedInterfaceOrientations = UIInterfaceOrientationPortrait;
				INFOPLIST_KEY_UISupportedInterfaceOrientations_iPad = "UIInterfaceOrientationLandscapeLeft UIInterfaceOrientationLandscapeRight UIInterfaceOrientationPortrait UIInterfaceOrientationPortraitUpsideDown";
				LD_RUNPATH_SEARCH_PATHS = (
					"$(inherited)",
					"@executable_path/Frameworks",
				);
				MARKETING_VERSION = 1.0.0;
				PRODUCT_BUNDLE_IDENTIFIER = merekeyev.WeatherAppClone;
				PRODUCT_NAME = "$(TARGET_NAME)";
				SWIFT_EMIT_LOC_STRINGS = YES;
				SWIFT_VERSION = 5.0;
				TARGETED_DEVICE_FAMILY = "1,2";
			};
			name = Debug;
		};
		513BF9352A0FC1B3000F547D /* Release */ = {
			isa = XCBuildConfiguration;
			buildSettings = {
				ASSETCATALOG_COMPILER_APPICON_NAME = AppIcon;
				ASSETCATALOG_COMPILER_GLOBAL_ACCENT_COLOR_NAME = AccentColor;
				CODE_SIGN_STYLE = Automatic;
				CURRENT_PROJECT_VERSION = 1;
				DEVELOPMENT_TEAM = Z92VBSZT25;
				GENERATE_INFOPLIST_FILE = YES;
				INFOPLIST_FILE = WeatherAppClone/Info.plist;
				INFOPLIST_KEY_UIApplicationSupportsIndirectInputEvents = YES;
				INFOPLIST_KEY_UILaunchStoryboardName = LaunchScreen;
				INFOPLIST_KEY_UIMainStoryboardFile = Main;
				INFOPLIST_KEY_UIStatusBarStyle = "";
				INFOPLIST_KEY_UISupportedInterfaceOrientations = UIInterfaceOrientationPortrait;
				INFOPLIST_KEY_UISupportedInterfaceOrientations_iPad = "UIInterfaceOrientationLandscapeLeft UIInterfaceOrientationLandscapeRight UIInterfaceOrientationPortrait UIInterfaceOrientationPortraitUpsideDown";
				LD_RUNPATH_SEARCH_PATHS = (
					"$(inherited)",
					"@executable_path/Frameworks",
				);
				MARKETING_VERSION = 1.0.0;
				PRODUCT_BUNDLE_IDENTIFIER = merekeyev.WeatherAppClone;
				PRODUCT_NAME = "$(TARGET_NAME)";
				SWIFT_EMIT_LOC_STRINGS = YES;
				SWIFT_VERSION = 5.0;
				TARGETED_DEVICE_FAMILY = "1,2";
			};
			name = Release;
		};
		513BF9372A0FC1B3000F547D /* Debug */ = {
			isa = XCBuildConfiguration;
			buildSettings = {
				ALWAYS_EMBED_SWIFT_STANDARD_LIBRARIES = YES;
				BUNDLE_LOADER = "$(TEST_HOST)";
				CODE_SIGN_STYLE = Automatic;
				CURRENT_PROJECT_VERSION = 1;
				DEVELOPMENT_TEAM = Z92VBSZT25;
				GENERATE_INFOPLIST_FILE = YES;
				IPHONEOS_DEPLOYMENT_TARGET = 16.2;
				MARKETING_VERSION = 1.0;
				PRODUCT_BUNDLE_IDENTIFIER = merekeyev.WeatherAppCloneTests;
				PRODUCT_NAME = "$(TARGET_NAME)";
				SWIFT_EMIT_LOC_STRINGS = NO;
				SWIFT_VERSION = 5.0;
				TARGETED_DEVICE_FAMILY = "1,2";
				TEST_HOST = "$(BUILT_PRODUCTS_DIR)/WeatherAppClone.app/$(BUNDLE_EXECUTABLE_FOLDER_PATH)/WeatherAppClone";
			};
			name = Debug;
		};
		513BF9382A0FC1B3000F547D /* Release */ = {
			isa = XCBuildConfiguration;
			buildSettings = {
				ALWAYS_EMBED_SWIFT_STANDARD_LIBRARIES = YES;
				BUNDLE_LOADER = "$(TEST_HOST)";
				CODE_SIGN_STYLE = Automatic;
				CURRENT_PROJECT_VERSION = 1;
				DEVELOPMENT_TEAM = Z92VBSZT25;
				GENERATE_INFOPLIST_FILE = YES;
				IPHONEOS_DEPLOYMENT_TARGET = 16.2;
				MARKETING_VERSION = 1.0;
				PRODUCT_BUNDLE_IDENTIFIER = merekeyev.WeatherAppCloneTests;
				PRODUCT_NAME = "$(TARGET_NAME)";
				SWIFT_EMIT_LOC_STRINGS = NO;
				SWIFT_VERSION = 5.0;
				TARGETED_DEVICE_FAMILY = "1,2";
				TEST_HOST = "$(BUILT_PRODUCTS_DIR)/WeatherAppClone.app/$(BUNDLE_EXECUTABLE_FOLDER_PATH)/WeatherAppClone";
			};
			name = Release;
		};
		513BF93A2A0FC1B3000F547D /* Debug */ = {
			isa = XCBuildConfiguration;
			buildSettings = {
				ALWAYS_EMBED_SWIFT_STANDARD_LIBRARIES = YES;
				CODE_SIGN_STYLE = Automatic;
				CURRENT_PROJECT_VERSION = 1;
				DEVELOPMENT_TEAM = Z92VBSZT25;
				GENERATE_INFOPLIST_FILE = YES;
				MARKETING_VERSION = 1.0;
				PRODUCT_BUNDLE_IDENTIFIER = merekeyev.WeatherAppCloneUITests;
				PRODUCT_NAME = "$(TARGET_NAME)";
				SWIFT_EMIT_LOC_STRINGS = NO;
				SWIFT_VERSION = 5.0;
				TARGETED_DEVICE_FAMILY = "1,2";
				TEST_TARGET_NAME = WeatherAppClone;
			};
			name = Debug;
		};
		513BF93B2A0FC1B3000F547D /* Release */ = {
			isa = XCBuildConfiguration;
			buildSettings = {
				ALWAYS_EMBED_SWIFT_STANDARD_LIBRARIES = YES;
				CODE_SIGN_STYLE = Automatic;
				CURRENT_PROJECT_VERSION = 1;
				DEVELOPMENT_TEAM = Z92VBSZT25;
				GENERATE_INFOPLIST_FILE = YES;
				MARKETING_VERSION = 1.0;
				PRODUCT_BUNDLE_IDENTIFIER = merekeyev.WeatherAppCloneUITests;
				PRODUCT_NAME = "$(TARGET_NAME)";
				SWIFT_EMIT_LOC_STRINGS = NO;
				SWIFT_VERSION = 5.0;
				TARGETED_DEVICE_FAMILY = "1,2";
				TEST_TARGET_NAME = WeatherAppClone;
			};
			name = Release;
		};
/* End XCBuildConfiguration section */

/* Begin XCConfigurationList section */
		513BF9042A0FC1B2000F547D /* Build configuration list for PBXProject "WeatherAppClone" */ = {
			isa = XCConfigurationList;
			buildConfigurations = (
				513BF9312A0FC1B3000F547D /* Debug */,
				513BF9322A0FC1B3000F547D /* Release */,
			);
			defaultConfigurationIsVisible = 0;
			defaultConfigurationName = Release;
		};
		513BF9332A0FC1B3000F547D /* Build configuration list for PBXNativeTarget "WeatherAppClone" */ = {
			isa = XCConfigurationList;
			buildConfigurations = (
				513BF9342A0FC1B3000F547D /* Debug */,
				513BF9352A0FC1B3000F547D /* Release */,
			);
			defaultConfigurationIsVisible = 0;
			defaultConfigurationName = Release;
		};
		513BF9362A0FC1B3000F547D /* Build configuration list for PBXNativeTarget "WeatherAppCloneTests" */ = {
			isa = XCConfigurationList;
			buildConfigurations = (
				513BF9372A0FC1B3000F547D /* Debug */,
				513BF9382A0FC1B3000F547D /* Release */,
			);
			defaultConfigurationIsVisible = 0;
			defaultConfigurationName = Release;
		};
		513BF9392A0FC1B3000F547D /* Build configuration list for PBXNativeTarget "WeatherAppCloneUITests" */ = {
			isa = XCConfigurationList;
			buildConfigurations = (
				513BF93A2A0FC1B3000F547D /* Debug */,
				513BF93B2A0FC1B3000F547D /* Release */,
			);
			defaultConfigurationIsVisible = 0;
			defaultConfigurationName = Release;
		};
/* End XCConfigurationList section */
	};
	rootObject = 513BF9012A0FC1B2000F547D /* Project object */;
}
